
Microsoft Visual Studio Solution File, Format Version 12.00
# Visual Studio Version 16
VisualStudioVersion = 16.0.31229.75
MinimumVisualStudioVersion = 10.0.40219.1
Project("{8BC9CEB8-8B4A-11D0-8D11-00A0C91BC942}") = "Test", "Test\Test.vcxproj", "{FA119415-ED9A-4C94-A9BE-3693131142DA}"
EndProject
Global
	GlobalSection(SolutionConfigurationPlatforms) = preSolution
		Debug|x64 = Debug|x64
		Debug|x86 = Debug|x86
		Release|x64 = Release|x64
		Release|x86 = Release|x86
	EndGlobalSection
	GlobalSection(ProjectConfigurationPlatforms) = postSolution
		{FA119415-ED9A-4C94-A9BE-3693131142DA}.Debug|x64.ActiveCfg = Debug|x64
		{FA119415-ED9A-4C94-A9BE-3693131142DA}.Debug|x64.Build.0 = Debug|x64
		{FA119415-ED9A-4C94-A9BE-3693131142DA}.Debug|x86.ActiveCfg = Debug|Win32
		{FA119415-ED9A-4C94-A9BE-3693131142DA}.Debug|x86.Build.0 = Debug|Win32
		{FA119415-ED9A-4C94-A9BE-3693131142DA}.Release|x64.ActiveCfg = Release|x64
		{FA119415-ED9A-4C94-A9BE-3693131142DA}.Release|x64.Build.0 = Release|x64
		{FA119415-ED9A-4C94-A9BE-3693131142DA}.Release|x86.ActiveCfg = Release|Win32
		{FA119415-ED9A-4C94-A9BE-3693131142DA}.Release|x86.Build.0 = Release|Win32
	EndGlobalSection
	GlobalSection(SolutionProperties) = preSolution
		HideSolutionNode = FALSE
	EndGlobalSection
	GlobalSection(ExtensibilityGlobals) = postSolution
		SolutionGuid = {4A7C3BB2-9609-452A-B262-BCA97B3F22E7}
	EndGlobalSection
EndGlobal
